github.com/llaoj/hugo-hero-theme v0.0.0-20220825100857-af416d0c0252 h1:6oovQfCm+C90LJNUv7SZ7/yq/MvdFzYWEvmp+7LeIvk=
github.com/llaoj/hugo-hero-theme v0.0.0-20220825100857-af416d0c0252/go.mod h1:cZYhO9yFhZzsJIGY2PMoWypr7Lxp5r/FyjYF9cElhmM=
github.com/llaoj/hugo-hero-theme v0.0.0-20220826035454-a316154d59f5 h1:Cz0qEQTjV9PbBAgq5qaqJOQkoX0wOt1Crbw0cGeohbc=
github.com/llaoj/hugo-hero-theme v0.0.0-20220826035454-a316154d59f5/go.mod h1:cZYhO9yFhZzsJIGY2PMoWypr7Lxp5r/FyjYF9cElhmM=
github.com/zerostaticthemes/hugo-hero-theme v1.1.0 h1:SjjN0RY+75XE4dUISzeSkQfrDr4SRhlrky+fRf5RR0Y=
github.com/zerostaticthemes/hugo-hero-theme v1.1.0/go.mod h1:4+Fj7q4tyVtSC6s7EwS4RedKa6pYj6TyjBQqh29GU/Q=
